
Microsoft Visual Studio Solution File, Format Version 10.00
# Visual Studio 2008
Project("{FAE04EC0-301F-11D3-BF4B-00C04F79EFBC}") = "Unme.Common", "Unme.Common\Unme.Common.csproj", "{EF099C1C-1352-43DE-ADF2-CFF3D8BEEED4}"
EndProject
Project("{FAE04EC0-301F-11D3-BF4B-00C04F79EFBC}") = "Unme.Common.Tests", "Unme.Common.Tests\Unme.Common.Tests.csproj", "{4AC9AA17-5744-4E63-AFD0-26D48601C5BA}"
EndProject
Project("{FAE04EC0-301F-11D3-BF4B-00C04F79EFBC}") = "Unme.Using", "Unme.Using\Unme.Using.csproj", "{55FBE14E-3508-44C4-A51C-49A5C803C2AD}"
EndProject
Project("{FAE04EC0-301F-11D3-BF4B-00C04F79EFBC}") = "Unme.MbUnit.Framework.Extensions", "Unme.NUnit.Framework.Extensions\Unme.MbUnit.Framework.Extensions.csproj", "{03D5E1E8-45E4-4CA4-BB2C-BC37CDF385B7}"
EndProject
Project("{2150E333-8FDC-42A3-9474-1A3956D46DE8}") = "Solution Items", "Solution Items", "{90DA33D1-F4EB-48EC-A041-2C9A1C1A677E}"
	ProjectSection(SolutionItems) = preProject
		..\Unme.build = ..\Unme.build
	EndProjectSection
EndProject
Project("{FAE04EC0-301F-11D3-BF4B-00C04F79EFBC}") = "Unme.Common - Compact", "Unme.Common\Unme.Common - Compact.csproj", "{12878E00-2DCA-42E7-A2DD-E7BBE92F0AA7}"
EndProject
Global
	GlobalSection(SolutionConfigurationPlatforms) = preSolution
		Debug|Any CPU = Debug|Any CPU
		Release|Any CPU = Release|Any CPU
	EndGlobalSection
	GlobalSection(ProjectConfigurationPlatforms) = postSolution
		{EF099C1C-1352-43DE-ADF2-CFF3D8BEEED4}.Debug|Any CPU.ActiveCfg = Debug|Any CPU
		{EF099C1C-1352-43DE-ADF2-CFF3D8BEEED4}.Debug|Any CPU.Build.0 = Debug|Any CPU
		{EF099C1C-1352-43DE-ADF2-CFF3D8BEEED4}.Release|Any CPU.ActiveCfg = Release|Any CPU
		{EF099C1C-1352-43DE-ADF2-CFF3D8BEEED4}.Release|Any CPU.Build.0 = Release|Any CPU
		{4AC9AA17-5744-4E63-AFD0-26D48601C5BA}.Debug|Any CPU.ActiveCfg = Debug|Any CPU
		{4AC9AA17-5744-4E63-AFD0-26D48601C5BA}.Debug|Any CPU.Build.0 = Debug|Any CPU
		{4AC9AA17-5744-4E63-AFD0-26D48601C5BA}.Release|Any CPU.ActiveCfg = Release|Any CPU
		{4AC9AA17-5744-4E63-AFD0-26D48601C5BA}.Release|Any CPU.Build.0 = Release|Any CPU
		{55FBE14E-3508-44C4-A51C-49A5C803C2AD}.Debug|Any CPU.ActiveCfg = Debug|Any CPU
		{55FBE14E-3508-44C4-A51C-49A5C803C2AD}.Debug|Any CPU.Build.0 = Debug|Any CPU
		{55FBE14E-3508-44C4-A51C-49A5C803C2AD}.Release|Any CPU.ActiveCfg = Release|Any CPU
		{55FBE14E-3508-44C4-A51C-49A5C803C2AD}.Release|Any CPU.Build.0 = Release|Any CPU
		{03D5E1E8-45E4-4CA4-BB2C-BC37CDF385B7}.Debug|Any CPU.ActiveCfg = Debug|Any CPU
		{03D5E1E8-45E4-4CA4-BB2C-BC37CDF385B7}.Debug|Any CPU.Build.0 = Debug|Any CPU
		{03D5E1E8-45E4-4CA4-BB2C-BC37CDF385B7}.Release|Any CPU.ActiveCfg = Release|Any CPU
		{03D5E1E8-45E4-4CA4-BB2C-BC37CDF385B7}.Release|Any CPU.Build.0 = Release|Any CPU
		{12878E00-2DCA-42E7-A2DD-E7BBE92F0AA7}.Debug|Any CPU.ActiveCfg = Debug|Any CPU
		{12878E00-2DCA-42E7-A2DD-E7BBE92F0AA7}.Debug|Any CPU.Build.0 = Debug|Any CPU
		{12878E00-2DCA-42E7-A2DD-E7BBE92F0AA7}.Release|Any CPU.ActiveCfg = Release|Any CPU
		{12878E00-2DCA-42E7-A2DD-E7BBE92F0AA7}.Release|Any CPU.Build.0 = Release|Any CPU
	EndGlobalSection
	GlobalSection(SolutionProperties) = preSolution
		HideSolutionNode = FALSE
	EndGlobalSection
EndGlobal
